
Microsoft Visual Studio Solution File, Format Version 12.00
# Visual Studio Version 16
VisualStudioVersion = 16.0.30717.126
MinimumVisualStudioVersion = 10.0.40219.1
Project("{FAE04EC0-301F-11D3-BF4B-00C04F79EFBC}") = "PfsenseVoucherMgr", "PfsenseVoucherMgr\PfsenseVoucherMgr.csproj", "{8CF41FDF-8373-4EEA-BCBE-4E0160236D29}"
EndProject
Project("{2150E333-8FDC-42A3-9474-1A3956D46DE8}") = "Solution Items", "Solution Items", "{7C97091F-5508-49ED-97CB-6C1AAF9C3B5C}"
	ProjectSection(SolutionItems) = preProject
		PfsenseVoucherMgr\mynetwork_places_22589.ico = PfsenseVoucherMgr\mynetwork_places_22589.ico
	EndProjectSection
EndProject
Global
	GlobalSection(SolutionConfigurationPlatforms) = preSolution
		Debug|Any CPU = Debug|Any CPU
		Release|Any CPU = Release|Any CPU
	EndGlobalSection
	GlobalSection(ProjectConfigurationPlatforms) = postSolution
		{8CF41FDF-8373-4EEA-BCBE-4E0160236D29}.Debug|Any CPU.ActiveCfg = Debug|Any CPU
		{8CF41FDF-8373-4EEA-BCBE-4E0160236D29}.Debug|Any CPU.Build.0 = Debug|Any CPU
		{8CF41FDF-8373-4EEA-BCBE-4E0160236D29}.Release|Any CPU.ActiveCfg = Release|Any CPU
		{8CF41FDF-8373-4EEA-BCBE-4E0160236D29}.Release|Any CPU.Build.0 = Release|Any CPU
	EndGlobalSection
	GlobalSection(SolutionProperties) = preSolution
		HideSolutionNode = FALSE
	EndGlobalSection
	GlobalSection(ExtensibilityGlobals) = postSolution
		SolutionGuid = {C6D5E8E3-7AED-4B44-9ED6-C112B6F5E06D}
	EndGlobalSection
EndGlobal
